
Microsoft Visual Studio Solution File, Format Version 11.00
# Visual Studio 2010
Project("{FAE04EC0-301F-11D3-BF4B-00C04F79EFBC}") = "BattleTron2000", "Assembly-CSharp.csproj", "{590DFEEA-C5E7-5A85-4FB7-B68877292936}"
EndProject
Project("{FAE04EC0-301F-11D3-BF4B-00C04F79EFBC}") = "BattleTron2000", "Assembly-CSharp-Editor.csproj", "{EBB59BD1-5ECF-9CA7-A4AB-1D15C1AECB01}"
EndProject
Global
	GlobalSection(SolutionConfigurationPlatforms) = preSolution
		Debug|Any CPU = Debug|Any CPU
		Release|Any CPU = Release|Any CPU
	EndGlobalSection
	GlobalSection(ProjectConfigurationPlatforms) = postSolution
		{590DFEEA-C5E7-5A85-4FB7-B68877292936}.Debug|Any CPU.ActiveCfg = Debug|Any CPU
		{590DFEEA-C5E7-5A85-4FB7-B68877292936}.Debug|Any CPU.Build.0 = Debug|Any CPU
		{590DFEEA-C5E7-5A85-4FB7-B68877292936}.Release|Any CPU.ActiveCfg = Release|Any CPU
		{590DFEEA-C5E7-5A85-4FB7-B68877292936}.Release|Any CPU.Build.0 = Release|Any CPU
		{EBB59BD1-5ECF-9CA7-A4AB-1D15C1AECB01}.Debug|Any CPU.ActiveCfg = Debug|Any CPU
		{EBB59BD1-5ECF-9CA7-A4AB-1D15C1AECB01}.Debug|Any CPU.Build.0 = Debug|Any CPU
		{EBB59BD1-5ECF-9CA7-A4AB-1D15C1AECB01}.Release|Any CPU.ActiveCfg = Release|Any CPU
		{EBB59BD1-5ECF-9CA7-A4AB-1D15C1AECB01}.Release|Any CPU.Build.0 = Release|Any CPU
	EndGlobalSection
	GlobalSection(SolutionProperties) = preSolution
		HideSolutionNode = FALSE
	EndGlobalSection
	GlobalSection(MonoDevelopProperties) = preSolution
		StartupItem = Assembly-CSharp.csproj
	EndGlobalSection
EndGlobal
